
Microsoft Visual Studio Solution File, Format Version 12.00
# Visual Studio 15
VisualStudioVersion = 15.0.27130.2036
MinimumVisualStudioVersion = 10.0.40219.1
Project("{FAE04EC0-301F-11D3-BF4B-00C04F79EFBC}") = "BlobDemo", "BlobDemo\BlobDemo.csproj", "{63533736-0DE1-4D9A-8119-C72BD516B2F7}"
EndProject
Project("{FAE04EC0-301F-11D3-BF4B-00C04F79EFBC}") = "BlobBusiness", "BlobBusiness\BlobBusiness.csproj", "{EA105EBC-E78B-45F8-A083-3FC5752C48C2}"
EndProject
Project("{FAE04EC0-301F-11D3-BF4B-00C04F79EFBC}") = "ViewModel", "ViewModel\ViewModel.csproj", "{B0992026-6704-491C-BDA3-06824C66B7D1}"
EndProject
Global
	GlobalSection(SolutionConfigurationPlatforms) = preSolution
		Debug|Any CPU = Debug|Any CPU
		Release|Any CPU = Release|Any CPU
	EndGlobalSection
	GlobalSection(ProjectConfigurationPlatforms) = postSolution
		{63533736-0DE1-4D9A-8119-C72BD516B2F7}.Debug|Any CPU.ActiveCfg = Debug|Any CPU
		{63533736-0DE1-4D9A-8119-C72BD516B2F7}.Debug|Any CPU.Build.0 = Debug|Any CPU
		{63533736-0DE1-4D9A-8119-C72BD516B2F7}.Release|Any CPU.ActiveCfg = Release|Any CPU
		{63533736-0DE1-4D9A-8119-C72BD516B2F7}.Release|Any CPU.Build.0 = Release|Any CPU
		{EA105EBC-E78B-45F8-A083-3FC5752C48C2}.Debug|Any CPU.ActiveCfg = Debug|Any CPU
		{EA105EBC-E78B-45F8-A083-3FC5752C48C2}.Debug|Any CPU.Build.0 = Debug|Any CPU
		{EA105EBC-E78B-45F8-A083-3FC5752C48C2}.Release|Any CPU.ActiveCfg = Release|Any CPU
		{EA105EBC-E78B-45F8-A083-3FC5752C48C2}.Release|Any CPU.Build.0 = Release|Any CPU
		{B0992026-6704-491C-BDA3-06824C66B7D1}.Debug|Any CPU.ActiveCfg = Debug|Any CPU
		{B0992026-6704-491C-BDA3-06824C66B7D1}.Debug|Any CPU.Build.0 = Debug|Any CPU
		{B0992026-6704-491C-BDA3-06824C66B7D1}.Release|Any CPU.ActiveCfg = Release|Any CPU
		{B0992026-6704-491C-BDA3-06824C66B7D1}.Release|Any CPU.Build.0 = Release|Any CPU
	EndGlobalSection
	GlobalSection(SolutionProperties) = preSolution
		HideSolutionNode = FALSE
	EndGlobalSection
	GlobalSection(ExtensibilityGlobals) = postSolution
		SolutionGuid = {D593F4E3-5EA2-442D-94B7-5EDB416DD8E9}
	EndGlobalSection
EndGlobal
